// !$*UTF8*$!
{
	archiveVersion = 1;
	classes = {
	};
	objectVersion = 56;
	objects = {

/* Begin PBXBuildFile section */
		BD6004362AC32F00008011D1 /* AppDelegate.swift in Sources */ = {isa = PBXBuildFile; fileRef = BD6004352AC32F00008011D1 /* AppDelegate.swift */; };
		BD6004382AC32F00008011D1 /* SceneDelegate.swift in Sources */ = {isa = PBXBuildFile; fileRef = BD6004372AC32F00008011D1 /* SceneDelegate.swift */; };
		BD60043A2AC32F00008011D1 /* ViewController.swift in Sources */ = {isa = PBXBuildFile; fileRef = BD6004392AC32F00008011D1 /* ViewController.swift */; };
		BD60043D2AC32F00008011D1 /* Main.storyboard in Resources */ = {isa = PBXBuildFile; fileRef = BD60043B2AC32F00008011D1 /* Main.storyboard */; };
		BD60043F2AC32F14008011D1 /* Assets.xcassets in Resources */ = {isa = PBXBuildFile; fileRef = BD60043E2AC32F14008011D1 /* Assets.xcassets */; };
		BD6004422AC32F14008011D1 /* LaunchScreen.storyboard in Resources */ = {isa = PBXBuildFile; fileRef = BD6004402AC32F14008011D1 /* LaunchScreen.storyboard */; };
		BD60044D2AC32F72008011D1 /* Networking.swift in Sources */ = {isa = PBXBuildFile; fileRef = BD60044C2AC32F72008011D1 /* Networking.swift */; };
		BD6004502AC330F9008011D1 /* PostsData.swift in Sources */ = {isa = PBXBuildFile; fileRef = BD60044F2AC330F9008011D1 /* PostsData.swift */; };
		BD7A81C22B8B8E0800E1566B /* LoadableViewController.swift in Sources */ = {isa = PBXBuildFile; fileRef = BD7A81C12B8B8E0800E1566B /* LoadableViewController.swift */; };
		BDA602F12BB1F4AE008C0C63 /* UsersData.swift in Sources */ = {isa = PBXBuildFile; fileRef = BDA602F02BB1F4AE008C0C63 /* UsersData.swift */; };
		BDB249F42AC9D37B004E24F0 /* EndPoints.swift in Sources */ = {isa = PBXBuildFile; fileRef = BDB249F32AC9D37B004E24F0 /* EndPoints.swift */; };
		BDD6A71F2BE0102C00D0574A /* EndPointsTest.swift in Sources */ = {isa = PBXBuildFile; fileRef = BDD6A71E2BE0102C00D0574A /* EndPointsTest.swift */; };
		BDD6A7222BE0134300D0574A /* TableViewTesting.swift in Sources */ = {isa = PBXBuildFile; fileRef = BDD6A7212BE0134300D0574A /* TableViewTesting.swift */; };
		BDE9AEFE2AC331AE00EBD442 /* PostTableViewCell.swift in Sources */ = {isa = PBXBuildFile; fileRef = BDE9AEFC2AC331AE00EBD442 /* PostTableViewCell.swift */; };
		BDE9AEFF2AC331AE00EBD442 /* PostTableViewCell.xib in Resources */ = {isa = PBXBuildFile; fileRef = BDE9AEFD2AC331AE00EBD442 /* PostTableViewCell.xib */; };
		BDF92A232BB5E719004C2317 /* Model.xcdatamodeld in Sources */ = {isa = PBXBuildFile; fileRef = BDF92A1D2BB5E719004C2317 /* Model.xcdatamodeld */; };
		BDF92A242BB5E719004C2317 /* UserDetails+CoreDataClass.swift in Sources */ = {isa = PBXBuildFile; fileRef = BDF92A1F2BB5E719004C2317 /* UserDetails+CoreDataClass.swift */; };
		BDF92A292BB5E75D004C2317 /* PostsCoreData+CoreDataProperties.swift in Sources */ = {isa = PBXBuildFile; fileRef = BDF92A272BB5E75D004C2317 /* PostsCoreData+CoreDataProperties.swift */; };
		BDF92A2A2BB5E75D004C2317 /* PostsCoreData+CoreDataClass.swift in Sources */ = {isa = PBXBuildFile; fileRef = BDF92A282BB5E75D004C2317 /* PostsCoreData+CoreDataClass.swift */; };
		BDF92A2D2BB5E99E004C2317 /* UserDetails+CoreDataProperties.swift in Sources */ = {isa = PBXBuildFile; fileRef = BDF92A2C2BB5E99E004C2317 /* UserDetails+CoreDataProperties.swift */; };
		BDF92A2F2BB5EE71004C2317 /* CoreData.swift in Sources */ = {isa = PBXBuildFile; fileRef = BDF92A2E2BB5EE71004C2317 /* CoreData.swift */; };
/* End PBXBuildFile section */

/* Begin PBXContainerItemProxy section */
		BDE835582BDAE35600D18CE3 /* PBXContainerItemProxy */ = {
			isa = PBXContainerItemProxy;
			containerPortal = BD60042A2AC32F00008011D1 /* Project object */;
			proxyType = 1;
			remoteGlobalIDString = BD6004312AC32F00008011D1;
			remoteInfo = Networking_Homework;
		};
/* End PBXContainerItemProxy section */

/* Begin PBXFileReference section */
		BD6004322AC32F00008011D1 /* Networking_Homework.app */ = {isa = PBXFileReference; explicitFileType = wrapper.application; includeInIndex = 0; path = Networking_Homework.app; sourceTree = BUILT_PRODUCTS_DIR; };
		BD6004352AC32F00008011D1 /* AppDelegate.swift */ = {isa = PBXFileReference; lastKnownFileType = sourcecode.swift; path = AppDelegate.swift; sourceTree = "<group>"; };
		BD6004372AC32F00008011D1 /* SceneDelegate.swift */ = {isa = PBXFileReference; lastKnownFileType = sourcecode.swift; path = SceneDelegate.swift; sourceTree = "<group>"; };
		BD6004392AC32F00008011D1 /* ViewController.swift */ = {isa = PBXFileReference; lastKnownFileType = sourcecode.swift; path = ViewController.swift; sourceTree = "<group>"; };
		BD60043C2AC32F00008011D1 /* Base */ = {isa = PBXFileReference; lastKnownFileType = file.storyboard; name = Base; path = Base.lproj/Main.storyboard; sourceTree = "<group>"; };
		BD60043E2AC32F14008011D1 /* Assets.xcassets */ = {isa = PBXFileReference; lastKnownFileType = folder.assetcatalog; path = Assets.xcassets; sourceTree = "<group>"; };
		BD6004412AC32F14008011D1 /* Base */ = {isa = PBXFileReference; lastKnownFileType = file.storyboard; name = Base; path = Base.lproj/LaunchScreen.storyboard; sourceTree = "<group>"; };
		BD6004432AC32F14008011D1 /* Info.plist */ = {isa = PBXFileReference; lastKnownFileType = text.plist.xml; path = Info.plist; sourceTree = "<group>"; };
		BD60044C2AC32F72008011D1 /* Networking.swift */ = {isa = PBXFileReference; lastKnownFileType = sourcecode.swift; path = Networking.swift; sourceTree = "<group>"; };
		BD60044F2AC330F9008011D1 /* PostsData.swift */ = {isa = PBXFileReference; lastKnownFileType = sourcecode.swift; path = PostsData.swift; sourceTree = "<group>"; };
		BD7A81C12B8B8E0800E1566B /* LoadableViewController.swift */ = {isa = PBXFileReference; fileEncoding = 4; lastKnownFileType = sourcecode.swift; path = LoadableViewController.swift; sourceTree = "<group>"; };
		BDA602F02BB1F4AE008C0C63 /* UsersData.swift */ = {isa = PBXFileReference; lastKnownFileType = sourcecode.swift; path = UsersData.swift; sourceTree = "<group>"; };
		BDB249F32AC9D37B004E24F0 /* EndPoints.swift */ = {isa = PBXFileReference; lastKnownFileType = sourcecode.swift; path = EndPoints.swift; sourceTree = "<group>"; };
		BDD6A71E2BE0102C00D0574A /* EndPointsTest.swift */ = {isa = PBXFileReference; lastKnownFileType = sourcecode.swift; path = EndPointsTest.swift; sourceTree = "<group>"; };
		BDD6A7202BE010FB00D0574A /* Networking_Homework.xctestplan */ = {isa = PBXFileReference; lastKnownFileType = text; path = Networking_Homework.xctestplan; sourceTree = "<group>"; };
		BDD6A7212BE0134300D0574A /* TableViewTesting.swift */ = {isa = PBXFileReference; lastKnownFileType = sourcecode.swift; path = TableViewTesting.swift; sourceTree = "<group>"; };
		BDE835542BDAE35600D18CE3 /* Networking_HomeworkTests.xctest */ = {isa = PBXFileReference; explicitFileType = wrapper.cfbundle; includeInIndex = 0; path = Networking_HomeworkTests.xctest; sourceTree = BUILT_PRODUCTS_DIR; };
		BDE9AEFC2AC331AE00EBD442 /* PostTableViewCell.swift */ = {isa = PBXFileReference; lastKnownFileType = sourcecode.swift; path = PostTableViewCell.swift; sourceTree = "<group>"; };
		BDE9AEFD2AC331AE00EBD442 /* PostTableViewCell.xib */ = {isa = PBXFileReference; lastKnownFileType = file.xib; path = PostTableViewCell.xib; sourceTree = "<group>"; };
		BDF92A1E2BB5E719004C2317 /* Model.xcdatamodel */ = {isa = PBXFileReference; lastKnownFileType = wrapper.xcdatamodel; path = Model.xcdatamodel; sourceTree = "<group>"; };
		BDF92A1F2BB5E719004C2317 /* UserDetails+CoreDataClass.swift */ = {isa = PBXFileReference; fileEncoding = 4; lastKnownFileType = sourcecode.swift; name = "UserDetails+CoreDataClass.swift"; path = "Networking_Homework/Models/UserDetails/UserDetails+CoreDataClass.swift"; sourceTree = SOURCE_ROOT; };
		BDF92A272BB5E75D004C2317 /* PostsCoreData+CoreDataProperties.swift */ = {isa = PBXFileReference; fileEncoding = 4; lastKnownFileType = sourcecode.swift; path = "PostsCoreData+CoreDataProperties.swift"; sourceTree = "<group>"; };
		BDF92A282BB5E75D004C2317 /* PostsCoreData+CoreDataClass.swift */ = {isa = PBXFileReference; fileEncoding = 4; lastKnownFileType = sourcecode.swift; path = "PostsCoreData+CoreDataClass.swift"; sourceTree = "<group>"; };
		BDF92A2C2BB5E99E004C2317 /* UserDetails+CoreDataProperties.swift */ = {isa = PBXFileReference; lastKnownFileType = sourcecode.swift; path = "UserDetails+CoreDataProperties.swift"; sourceTree = "<group>"; };
		BDF92A2E2BB5EE71004C2317 /* CoreData.swift */ = {isa = PBXFileReference; lastKnownFileType = sourcecode.swift; path = CoreData.swift; sourceTree = "<group>"; };
/* End PBXFileReference section */

/* Begin PBXFrameworksBuildPhase section */
		BD60042F2AC32F00008011D1 /* Frameworks */ = {
			isa = PBXFrameworksBuildPhase;
			buildActionMask = 2147483647;
			files = (
			);
			runOnlyForDeploymentPostprocessing = 0;
		};
		BDE835512BDAE35600D18CE3 /* Frameworks */ = {
			isa = PBXFrameworksBuildPhase;
			buildActionMask = 2147483647;
			files = (
			);
			runOnlyForDeploymentPostprocessing = 0;
		};
/* End PBXFrameworksBuildPhase section */

/* Begin PBXGroup section */
		BD6004292AC32F00008011D1 = {
			isa = PBXGroup;
			children = (
				BDD6A7202BE010FB00D0574A /* Networking_Homework.xctestplan */,
				BD60044A2AC32F51008011D1 /* Delegates */,
				BD6004342AC32F00008011D1 /* Networking_Homework */,
				BD6004332AC32F00008011D1 /* Products */,
			);
			sourceTree = "<group>";
		};
		BD6004332AC32F00008011D1 /* Products */ = {
			isa = PBXGroup;
			children = (
				BD6004322AC32F00008011D1 /* Networking_Homework.app */,
				BDE835542BDAE35600D18CE3 /* Networking_HomeworkTests.xctest */,
			);
			name = Products;
			sourceTree = "<group>";
		};
		BD6004342AC32F00008011D1 /* Networking_Homework */ = {
			isa = PBXGroup;
			children = (
				BD60044E2AC330DE008011D1 /* Data */,
				BD60044B2AC32F5F008011D1 /* Networking */,
				BDE9AEFB2AC3317C00EBD442 /* Views */,
				BD6004492AC32F47008011D1 /* Controllers */,
				BDB54A5F2B90EFB00084D40D /* Models */,
				BDE835552BDAE35600D18CE3 /* Networking_HomeworkTests */,
				BD60043E2AC32F14008011D1 /* Assets.xcassets */,
				BD6004402AC32F14008011D1 /* LaunchScreen.storyboard */,
				BD6004432AC32F14008011D1 /* Info.plist */,
				BD7A81C12B8B8E0800E1566B /* LoadableViewController.swift */,
			);
			path = Networking_Homework;
			sourceTree = "<group>";
		};
		BD6004492AC32F47008011D1 /* Controllers */ = {
			isa = PBXGroup;
			children = (
				BDE9AF052AC33B5900EBD442 /* Main */,
			);
			path = Controllers;
			sourceTree = "<group>";
		};
		BD60044A2AC32F51008011D1 /* Delegates */ = {
			isa = PBXGroup;
			children = (
				BD6004352AC32F00008011D1 /* AppDelegate.swift */,
				BD6004372AC32F00008011D1 /* SceneDelegate.swift */,
			);
			path = Delegates;
			sourceTree = "<group>";
		};
		BD60044B2AC32F5F008011D1 /* Networking */ = {
			isa = PBXGroup;
			children = (
				BD60044C2AC32F72008011D1 /* Networking.swift */,
				BDB249F32AC9D37B004E24F0 /* EndPoints.swift */,
			);
			path = Networking;
			sourceTree = "<group>";
		};
		BD60044E2AC330DE008011D1 /* Data */ = {
			isa = PBXGroup;
			children = (
				BD60044F2AC330F9008011D1 /* PostsData.swift */,
				BDA602F02BB1F4AE008C0C63 /* UsersData.swift */,
			);
			path = Data;
			sourceTree = "<group>";
		};
		BDB54A5F2B90EFB00084D40D /* Models */ = {
			isa = PBXGroup;
			children = (
				BDF92A2B2BB5E764004C2317 /* UserDetails */,
				BDF92A262BB5E743004C2317 /* Posts */,
				BDF92A1D2BB5E719004C2317 /* Model.xcdatamodeld */,
			);
			path = Models;
			sourceTree = "<group>";
		};
		BDE835552BDAE35600D18CE3 /* Networking_HomeworkTests */ = {
			isa = PBXGroup;
			children = (
				BDD6A71E2BE0102C00D0574A /* EndPointsTest.swift */,
				BDD6A7212BE0134300D0574A /* TableViewTesting.swift */,
			);
			path = Networking_HomeworkTests;
			sourceTree = "<group>";
		};
		BDE9AEFB2AC3317C00EBD442 /* Views */ = {
			isa = PBXGroup;
			children = (
				BDE9AEFC2AC331AE00EBD442 /* PostTableViewCell.swift */,
				BDE9AEFD2AC331AE00EBD442 /* PostTableViewCell.xib */,
			);
			path = Views;
			sourceTree = "<group>";
		};
		BDE9AF052AC33B5900EBD442 /* Main */ = {
			isa = PBXGroup;
			children = (
				BD6004392AC32F00008011D1 /* ViewController.swift */,
				BDF92A2E2BB5EE71004C2317 /* CoreData.swift */,
				BD60043B2AC32F00008011D1 /* Main.storyboard */,
			);
			path = Main;
			sourceTree = "<group>";
		};
		BDF92A262BB5E743004C2317 /* Posts */ = {
			isa = PBXGroup;
			children = (
				BDF92A282BB5E75D004C2317 /* PostsCoreData+CoreDataClass.swift */,
				BDF92A272BB5E75D004C2317 /* PostsCoreData+CoreDataProperties.swift */,
			);
			path = Posts;
			sourceTree = "<group>";
		};
		BDF92A2B2BB5E764004C2317 /* UserDetails */ = {
			isa = PBXGroup;
			children = (
				BDF92A1F2BB5E719004C2317 /* UserDetails+CoreDataClass.swift */,
				BDF92A2C2BB5E99E004C2317 /* UserDetails+CoreDataProperties.swift */,
			);
			path = UserDetails;
			sourceTree = "<group>";
		};
/* End PBXGroup section */

/* Begin PBXNativeTarget section */
		BD6004312AC32F00008011D1 /* Networking_Homework */ = {
			isa = PBXNativeTarget;
			buildConfigurationList = BD6004462AC32F14008011D1 /* Build configuration list for PBXNativeTarget "Networking_Homework" */;
			buildPhases = (
				BD60042E2AC32F00008011D1 /* Sources */,
				BD60042F2AC32F00008011D1 /* Frameworks */,
				BD6004302AC32F00008011D1 /* Resources */,
			);
			buildRules = (
			);
			dependencies = (
			);
			name = Networking_Homework;
			productName = Networking_Homework;
			productReference = BD6004322AC32F00008011D1 /* Networking_Homework.app */;
			productType = "com.apple.product-type.application";
		};
		BDE835532BDAE35600D18CE3 /* Networking_HomeworkTests */ = {
			isa = PBXNativeTarget;
			buildConfigurationList = BDE8355C2BDAE35600D18CE3 /* Build configuration list for PBXNativeTarget "Networking_HomeworkTests" */;
			buildPhases = (
				BDE835502BDAE35600D18CE3 /* Sources */,
				BDE835512BDAE35600D18CE3 /* Frameworks */,
				BDE835522BDAE35600D18CE3 /* Resources */,
			);
			buildRules = (
			);
			dependencies = (
				BDE835592BDAE35600D18CE3 /* PBXTargetDependency */,
			);
			name = Networking_HomeworkTests;
			productName = Networking_HomeworkTests;
			productReference = BDE835542BDAE35600D18CE3 /* Networking_HomeworkTests.xctest */;
			productType = "com.apple.product-type.bundle.unit-test";
		};
/* End PBXNativeTarget section */

/* Begin PBXProject section */
		BD60042A2AC32F00008011D1 /* Project object */ = {
			isa = PBXProject;
			attributes = {
				BuildIndependentTargetsInParallel = 1;
				LastSwiftUpdateCheck = 1520;
				LastUpgradeCheck = 1500;
				TargetAttributes = {
					BD6004312AC32F00008011D1 = {
						CreatedOnToolsVersion = 15.0;
					};
					BDE835532BDAE35600D18CE3 = {
						CreatedOnToolsVersion = 15.2;
						TestTargetID = BD6004312AC32F00008011D1;
					};
				};
			};
			buildConfigurationList = BD60042D2AC32F00008011D1 /* Build configuration list for PBXProject "Networking_Homework" */;
			compatibilityVersion = "Xcode 14.0";
			developmentRegion = en;
			hasScannedForEncodings = 0;
			knownRegions = (
				en,
				Base,
			);
			mainGroup = BD6004292AC32F00008011D1;
			productRefGroup = BD6004332AC32F00008011D1 /* Products */;
			projectDirPath = "";
			projectRoot = "";
			targets = (
				BD6004312AC32F00008011D1 /* Networking_Homework */,
				BDE835532BDAE35600D18CE3 /* Networking_HomeworkTests */,
			);
		};
/* End PBXProject section */

/* Begin PBXResourcesBuildPhase section */
		BD6004302AC32F00008011D1 /* Resources */ = {
			isa = PBXResourcesBuildPhase;
			buildActionMask = 2147483647;
			files = (
				BD6004422AC32F14008011D1 /* LaunchScreen.storyboard in Resources */,
				BD60043F2AC32F14008011D1 /* Assets.xcassets in Resources */,
				BD60043D2AC32F00008011D1 /* Main.storyboard in Resources */,
				BDE9AEFF2AC331AE00EBD442 /* PostTableViewCell.xib in Resources */,
			);
			runOnlyForDeploymentPostprocessing = 0;
		};
		BDE835522BDAE35600D18CE3 /* Resources */ = {
			isa = PBXResourcesBuildPhase;
			buildActionMask = 2147483647;
			files = (
			);
			runOnlyForDeploymentPostprocessing = 0;
		};
/* End PBXResourcesBuildPhase section */

/* Begin PBXSourcesBuildPhase section */
		BD60042E2AC32F00008011D1 /* Sources */ = {
			isa = PBXSourcesBuildPhase;
			buildActionMask = 2147483647;
			files = (
				BDF92A242BB5E719004C2317 /* UserDetails+CoreDataClass.swift in Sources */,
				BDF92A2A2BB5E75D004C2317 /* PostsCoreData+CoreDataClass.swift in Sources */,
				BDF92A2F2BB5EE71004C2317 /* CoreData.swift in Sources */,
				BD6004502AC330F9008011D1 /* PostsData.swift in Sources */,
				BD60043A2AC32F00008011D1 /* ViewController.swift in Sources */,
				BD7A81C22B8B8E0800E1566B /* LoadableViewController.swift in Sources */,
				BD6004362AC32F00008011D1 /* AppDelegate.swift in Sources */,
				BDF92A232BB5E719004C2317 /* Model.xcdatamodeld in Sources */,
				BD6004382AC32F00008011D1 /* SceneDelegate.swift in Sources */,
				BDA602F12BB1F4AE008C0C63 /* UsersData.swift in Sources */,
				BD60044D2AC32F72008011D1 /* Networking.swift in Sources */,
				BDB249F42AC9D37B004E24F0 /* EndPoints.swift in Sources */,
				BDF92A2D2BB5E99E004C2317 /* UserDetails+CoreDataProperties.swift in Sources */,
				BDF92A292BB5E75D004C2317 /* PostsCoreData+CoreDataProperties.swift in Sources */,
				BDE9AEFE2AC331AE00EBD442 /* PostTableViewCell.swift in Sources */,
			);
			runOnlyForDeploymentPostprocessing = 0;
		};
		BDE835502BDAE35600D18CE3 /* Sources */ = {
			isa = PBXSourcesBuildPhase;
			buildActionMask = 2147483647;
			files = (
				BDD6A7222BE0134300D0574A /* TableViewTesting.swift in Sources */,
				BDD6A71F2BE0102C00D0574A /* EndPointsTest.swift in Sources */,
			);
			runOnlyForDeploymentPostprocessing = 0;
		};
/* End PBXSourcesBuildPhase section */

/* Begin PBXTargetDependency section */
		BDE835592BDAE35600D18CE3 /* PBXTargetDependency */ = {
			isa = PBXTargetDependency;
			target = BD6004312AC32F00008011D1 /* Networking_Homework */;
			targetProxy = BDE835582BDAE35600D18CE3 /* PBXContainerItemProxy */;
		};
/* End PBXTargetDependency section */

/* Begin PBXVariantGroup section */
		BD60043B2AC32F00008011D1 /* Main.storyboard */ = {
			isa = PBXVariantGroup;
			children = (
				BD60043C2AC32F00008011D1 /* Base */,
			);
			name = Main.storyboard;
			sourceTree = "<group>";
		};
		BD6004402AC32F14008011D1 /* LaunchScreen.storyboard */ = {
			isa = PBXVariantGroup;
			children = (
				BD6004412AC32F14008011D1 /* Base */,
			);
			name = LaunchScreen.storyboard;
			sourceTree = "<group>";
		};
/* End PBXVariantGroup section */

/* Begin XCBuildConfiguration section */
		BD6004442AC32F14008011D1 /* Debug */ = {
			isa = XCBuildConfiguration;
			buildSettings = {
				ALWAYS_SEARCH_USER_PATHS = NO;
				ASSETCATALOG_COMPILER_GENERATE_SWIFT_ASSET_SYMBOL_EXTENSIONS = YES;
				CLANG_ANALYZER_NONNULL = YES;
				CLANG_ANALYZER_NUMBER_OBJECT_CONVERSION = YES_AGGRESSIVE;
				CLANG_CXX_LANGUAGE_STANDARD = "gnu++20";
				CLANG_ENABLE_MODULES = YES;
				CLANG_ENABLE_OBJC_ARC = YES;
				CLANG_ENABLE_OBJC_WEAK = YES;
				CLANG_WARN_BLOCK_CAPTURE_AUTORELEASING = YES;
				CLANG_WARN_BOOL_CONVERSION = YES;
				CLANG_WARN_COMMA = YES;
				CLANG_WARN_CONSTANT_CONVERSION = YES;
				CLANG_WARN_DEPRECATED_OBJC_IMPLEMENTATIONS = YES;
				CLANG_WARN_DIRECT_OBJC_ISA_USAGE = YES_ERROR;
				CLANG_WARN_DOCUMENTATION_COMMENTS = YES;
				CLANG_WARN_EMPTY_BODY = YES;
				CLANG_WARN_ENUM_CONVERSION = YES;
				CLANG_WARN_INFINITE_RECURSION = YES;
				CLANG_WARN_INT_CONVERSION = YES;
				CLANG_WARN_NON_LITERAL_NULL_CONVERSION = YES;
				CLANG_WARN_OBJC_IMPLICIT_RETAIN_SELF = YES;
				CLANG_WARN_OBJC_LITERAL_CONVERSION = YES;
				CLANG_WARN_OBJC_ROOT_CLASS = YES_ERROR;
				CLANG_WARN_QUOTED_INCLUDE_IN_FRAMEWORK_HEADER = YES;
				CLANG_WARN_RANGE_LOOP_ANALYSIS = YES;
				CLANG_WARN_STRICT_PROTOTYPES = YES;
				CLANG_WARN_SUSPICIOUS_MOVE = YES;
				CLANG_WARN_UNGUARDED_AVAILABILITY = YES_AGGRESSIVE;
				CLANG_WARN_UNREACHABLE_CODE = YES;
				CLANG_WARN__DUPLICATE_METHOD_MATCH = YES;
				COPY_PHASE_STRIP = NO;
				DEBUG_INFORMATION_FORMAT = dwarf;
				ENABLE_STRICT_OBJC_MSGSEND = YES;
				ENABLE_TESTABILITY = YES;
				ENABLE_USER_SCRIPT_SANDBOXING = YES;
				GCC_C_LANGUAGE_STANDARD = gnu17;
				GCC_DYNAMIC_NO_PIC = NO;
				GCC_NO_COMMON_BLOCKS = YES;
				GCC_OPTIMIZATION_LEVEL = 0;
				GCC_PREPROCESSOR_DEFINITIONS = (
					"DEBUG=1",
					"$(inherited)",
				);
				GCC_WARN_64_TO_32_BIT_CONVERSION = YES;
				GCC_WARN_ABOUT_RETURN_TYPE = YES_ERROR;
				GCC_WARN_UNDECLARED_SELECTOR = YES;
				GCC_WARN_UNINITIALIZED_AUTOS = YES_AGGRESSIVE;
				GCC_WARN_UNUSED_FUNCTION = YES;
				GCC_WARN_UNUSED_VARIABLE = YES;
				IPHONEOS_DEPLOYMENT_TARGET = 16.6;
				LOCALIZATION_PREFERS_STRING_CATALOGS = YES;
				MTL_ENABLE_DEBUG_INFO = INCLUDE_SOURCE;
				MTL_FAST_MATH = YES;
				ONLY_ACTIVE_ARCH = YES;
				SDKROOT = iphoneos;
				SWIFT_ACTIVE_COMPILATION_CONDITIONS = "DEBUG $(inherited)";
				SWIFT_OPTIMIZATION_LEVEL = "-Onone";
			};
			name = Debug;
		};
		BD6004452AC32F14008011D1 /* Release */ = {
			isa = XCBuildConfiguration;
			buildSettings = {
				ALWAYS_SEARCH_USER_PATHS = NO;
				ASSETCATALOG_COMPILER_GENERATE_SWIFT_ASSET_SYMBOL_EXTENSIONS = YES;
				CLANG_ANALYZER_NONNULL = YES;
				CLANG_ANALYZER_NUMBER_OBJECT_CONVERSION = YES_AGGRESSIVE;
				CLANG_CXX_LANGUAGE_STANDARD = "gnu++20";
				CLANG_ENABLE_MODULES = YES;
				CLANG_ENABLE_OBJC_ARC = YES;
				CLANG_ENABLE_OBJC_WEAK = YES;
				CLANG_WARN_BLOCK_CAPTURE_AUTORELEASING = YES;
				CLANG_WARN_BOOL_CONVERSION = YES;
				CLANG_WARN_COMMA = YES;
				CLANG_WARN_CONSTANT_CONVERSION = YES;
				CLANG_WARN_DEPRECATED_OBJC_IMPLEMENTATIONS = YES;
				CLANG_WARN_DIRECT_OBJC_ISA_USAGE = YES_ERROR;
				CLANG_WARN_DOCUMENTATION_COMMENTS = YES;
				CLANG_WARN_EMPTY_BODY = YES;
				CLANG_WARN_ENUM_CONVERSION = YES;
				CLANG_WARN_INFINITE_RECURSION = YES;
				CLANG_WARN_INT_CONVERSION = YES;
				CLANG_WARN_NON_LITERAL_NULL_CONVERSION = YES;
				CLANG_WARN_OBJC_IMPLICIT_RETAIN_SELF = YES;
				CLANG_WARN_OBJC_LITERAL_CONVERSION = YES;
				CLANG_WARN_OBJC_ROOT_CLASS = YES_ERROR;
				CLANG_WARN_QUOTED_INCLUDE_IN_FRAMEWORK_HEADER = YES;
				CLANG_WARN_RANGE_LOOP_ANALYSIS = YES;
				CLANG_WARN_STRICT_PROTOTYPES = YES;
				CLANG_WARN_SUSPICIOUS_MOVE = YES;
				CLANG_WARN_UNGUARDED_AVAILABILITY = YES_AGGRESSIVE;
				CLANG_WARN_UNREACHABLE_CODE = YES;
				CLANG_WARN__DUPLICATE_METHOD_MATCH = YES;
				COPY_PHASE_STRIP = NO;
				DEBUG_INFORMATION_FORMAT = "dwarf-with-dsym";
				ENABLE_NS_ASSERTIONS = NO;
				ENABLE_STRICT_OBJC_MSGSEND = YES;
				ENABLE_USER_SCRIPT_SANDBOXING = YES;
				GCC_C_LANGUAGE_STANDARD = gnu17;
				GCC_NO_COMMON_BLOCKS = YES;
				GCC_WARN_64_TO_32_BIT_CONVERSION = YES;
				GCC_WARN_ABOUT_RETURN_TYPE = YES_ERROR;
				GCC_WARN_UNDECLARED_SELECTOR = YES;
				GCC_WARN_UNINITIALIZED_AUTOS = YES_AGGRESSIVE;
				GCC_WARN_UNUSED_FUNCTION = YES;
				GCC_WARN_UNUSED_VARIABLE = YES;
				IPHONEOS_DEPLOYMENT_TARGET = 16.6;
				LOCALIZATION_PREFERS_STRING_CATALOGS = YES;
				MTL_ENABLE_DEBUG_INFO = NO;
				MTL_FAST_MATH = YES;
				SDKROOT = iphoneos;
				SWIFT_COMPILATION_MODE = wholemodule;
				VALIDATE_PRODUCT = YES;
			};
			name = Release;
		};
		BD6004472AC32F14008011D1 /* Debug */ = {
			isa = XCBuildConfiguration;
			buildSettings = {
				ASSETCATALOG_COMPILER_APPICON_NAME = AppIcon;
				ASSETCATALOG_COMPILER_GLOBAL_ACCENT_COLOR_NAME = AccentColor;
				CODE_SIGN_STYLE = Automatic;
				CURRENT_PROJECT_VERSION = 1;
				DEVELOPMENT_TEAM = B2ZF7338R8;
				GENERATE_INFOPLIST_FILE = YES;
				INFOPLIST_FILE = Networking_Homework/Info.plist;
				INFOPLIST_KEY_UIApplicationSupportsIndirectInputEvents = YES;
				INFOPLIST_KEY_UILaunchStoryboardName = LaunchScreen;
				INFOPLIST_KEY_UIMainStoryboardFile = Main;
				INFOPLIST_KEY_UISupportedInterfaceOrientations_iPad = "UIInterfaceOrientationPortrait UIInterfaceOrientationPortraitUpsideDown UIInterfaceOrientationLandscapeLeft UIInterfaceOrientationLandscapeRight";
				INFOPLIST_KEY_UISupportedInterfaceOrientations_iPhone = "UIInterfaceOrientationPortrait UIInterfaceOrientationLandscapeLeft UIInterfaceOrientationLandscapeRight";
				LD_RUNPATH_SEARCH_PATHS = (
					"$(inherited)",
					"@executable_path/Frameworks",
				);
				MARKETING_VERSION = 1.0;
				PRODUCT_BUNDLE_IDENTIFIER = "com.rimvydas.petniunas.Networking-Homework";
				PRODUCT_NAME = "$(TARGET_NAME)";
				SWIFT_EMIT_LOC_STRINGS = YES;
				SWIFT_VERSION = 5.0;
				TARGETED_DEVICE_FAMILY = "1,2";
			};
			name = Debug;
		};
		BD6004482AC32F14008011D1 /* Release */ = {
			isa = XCBuildConfiguration;
			buildSettings = {
				ASSETCATALOG_COMPILER_APPICON_NAME = AppIcon;
				ASSETCATALOG_COMPILER_GLOBAL_ACCENT_COLOR_NAME = AccentColor;
				CODE_SIGN_STYLE = Automatic;
				CURRENT_PROJECT_VERSION = 1;
				DEVELOPMENT_TEAM = B2ZF7338R8;
				GENERATE_INFOPLIST_FILE = YES;
				INFOPLIST_FILE = Networking_Homework/Info.plist;
				INFOPLIST_KEY_UIApplicationSupportsIndirectInputEvents = YES;
				INFOPLIST_KEY_UILaunchStoryboardName = LaunchScreen;
				INFOPLIST_KEY_UIMainStoryboardFile = Main;
				INFOPLIST_KEY_UISupportedInterfaceOrientations_iPad = "UIInterfaceOrientationPortrait UIInterfaceOrientationPortraitUpsideDown UIInterfaceOrientationLandscapeLeft UIInterfaceOrientationLandscapeRight";
				INFOPLIST_KEY_UISupportedInterfaceOrientations_iPhone = "UIInterfaceOrientationPortrait UIInterfaceOrientationLandscapeLeft UIInterfaceOrientationLandscapeRight";
				LD_RUNPATH_SEARCH_PATHS = (
					"$(inherited)",
					"@executable_path/Frameworks",
				);
				MARKETING_VERSION = 1.0;
				PRODUCT_BUNDLE_IDENTIFIER = "com.rimvydas.petniunas.Networking-Homework";
				PRODUCT_NAME = "$(TARGET_NAME)";
				SWIFT_EMIT_LOC_STRINGS = YES;
				SWIFT_VERSION = 5.0;
				TARGETED_DEVICE_FAMILY = "1,2";
			};
			name = Release;
		};
		BDE8355A2BDAE35600D18CE3 /* Debug */ = {
			isa = XCBuildConfiguration;
			buildSettings = {
				BUNDLE_LOADER = "$(TEST_HOST)";
				CODE_SIGN_STYLE = Automatic;
				CURRENT_PROJECT_VERSION = 1;
				DEVELOPMENT_TEAM = B2ZF7338R8;
				GENERATE_INFOPLIST_FILE = YES;
				IPHONEOS_DEPLOYMENT_TARGET = 17.2;
				MARKETING_VERSION = 1.0;
				PRODUCT_BUNDLE_IDENTIFIER = "com.rimvydas.petniunas.Networking-HomeworkTests";
				PRODUCT_NAME = "$(TARGET_NAME)";
				SWIFT_EMIT_LOC_STRINGS = NO;
				SWIFT_VERSION = 5.0;
				TARGETED_DEVICE_FAMILY = "1,2";
				TEST_HOST = "$(BUILT_PRODUCTS_DIR)/Networking_Homework.app/$(BUNDLE_EXECUTABLE_FOLDER_PATH)/Networking_Homework";
			};
			name = Debug;
		};
		BDE8355B2BDAE35600D18CE3 /* Release */ = {
			isa = XCBuildConfiguration;
			buildSettings = {
				BUNDLE_LOADER = "$(TEST_HOST)";
				CODE_SIGN_STYLE = Automatic;
				CURRENT_PROJECT_VERSION = 1;
				DEVELOPMENT_TEAM = B2ZF7338R8;
				GENERATE_INFOPLIST_FILE = YES;
				IPHONEOS_DEPLOYMENT_TARGET = 17.2;
				MARKETING_VERSION = 1.0;
				PRODUCT_BUNDLE_IDENTIFIER = "com.rimvydas.petniunas.Networking-HomeworkTests";
				PRODUCT_NAME = "$(TARGET_NAME)";
				SWIFT_EMIT_LOC_STRINGS = NO;
				SWIFT_VERSION = 5.0;
				TARGETED_DEVICE_FAMILY = "1,2";
				TEST_HOST = "$(BUILT_PRODUCTS_DIR)/Networking_Homework.app/$(BUNDLE_EXECUTABLE_FOLDER_PATH)/Networking_Homework";
			};
			name = Release;
		};
/* End XCBuildConfiguration section */

/* Begin XCConfigurationList section */
		BD60042D2AC32F00008011D1 /* Build configuration list for PBXProject "Networking_Homework" */ = {
			isa = XCConfigurationList;
			buildConfigurations = (
				BD6004442AC32F14008011D1 /* Debug */,
				BD6004452AC32F14008011D1 /* Release */,
			);
			defaultConfigurationIsVisible = 0;
			defaultConfigurationName = Release;
		};
		BD6004462AC32F14008011D1 /* Build configuration list for PBXNativeTarget "Networking_Homework" */ = {
			isa = XCConfigurationList;
			buildConfigurations = (
				BD6004472AC32F14008011D1 /* Debug */,
				BD6004482AC32F14008011D1 /* Release */,
			);
			defaultConfigurationIsVisible = 0;
			defaultConfigurationName = Release;
		};
		BDE8355C2BDAE35600D18CE3 /* Build configuration list for PBXNativeTarget "Networking_HomeworkTests" */ = {
			isa = XCConfigurationList;
			buildConfigurations = (
				BDE8355A2BDAE35600D18CE3 /* Debug */,
				BDE8355B2BDAE35600D18CE3 /* Release */,
			);
			defaultConfigurationIsVisible = 0;
			defaultConfigurationName = Release;
		};
/* End XCConfigurationList section */

/* Begin XCVersionGroup section */
		BDF92A1D2BB5E719004C2317 /* Model.xcdatamodeld */ = {
			isa = XCVersionGroup;
			children = (
				BDF92A1E2BB5E719004C2317 /* Model.xcdatamodel */,
			);
			currentVersion = BDF92A1E2BB5E719004C2317 /* Model.xcdatamodel */;
			name = Model.xcdatamodeld;
			path = Networking_Homework/Models/Model.xcdatamodeld;
			sourceTree = SOURCE_ROOT;
			versionGroupType = wrapper.xcdatamodel;
		};
/* End XCVersionGroup section */
	};
	rootObject = BD60042A2AC32F00008011D1 /* Project object */;
}
