// !$*UTF8*$!
{
	archiveVersion = 1;
	classes = {
	};
	objectVersion = 56;
	objects = {

/* Begin PBXBuildFile section */
		BD6004362AC32F00008011D1 /* AppDelegate.swift in Sources */ = {isa = PBXBuildFile; fileRef = BD6004352AC32F00008011D1 /* AppDelegate.swift */; };
		BD6004382AC32F00008011D1 /* SceneDelegate.swift in Sources */ = {isa = PBXBuildFile; fileRef = BD6004372AC32F00008011D1 /* SceneDelegate.swift */; };
		BD60043A2AC32F00008011D1 /* ViewController.swift in Sources */ = {isa = PBXBuildFile; fileRef = BD6004392AC32F00008011D1 /* ViewController.swift */; };
		BD60043D2AC32F00008011D1 /* Main.storyboard in Resources */ = {isa = PBXBuildFile; fileRef = BD60043B2AC32F00008011D1 /* Main.storyboard */; };
		BD60043F2AC32F14008011D1 /* Assets.xcassets in Resources */ = {isa = PBXBuildFile; fileRef = BD60043E2AC32F14008011D1 /* Assets.xcassets */; };
		BD6004422AC32F14008011D1 /* LaunchScreen.storyboard in Resources */ = {isa = PBXBuildFile; fileRef = BD6004402AC32F14008011D1 /* LaunchScreen.storyboard */; };
		BD60044D2AC32F72008011D1 /* Networking.swift in Sources */ = {isa = PBXBuildFile; fileRef = BD60044C2AC32F72008011D1 /* Networking.swift */; };
		BD6004502AC330F9008011D1 /* PostsData.swift in Sources */ = {isa = PBXBuildFile; fileRef = BD60044F2AC330F9008011D1 /* PostsData.swift */; };
		BDB249F42AC9D37B004E24F0 /* EndPoints.swift in Sources */ = {isa = PBXBuildFile; fileRef = BDB249F32AC9D37B004E24F0 /* EndPoints.swift */; };
		BDB249F62AC9D3FF004E24F0 /* LoadableViewController.swift in Sources */ = {isa = PBXBuildFile; fileRef = BDB249F52AC9D3FF004E24F0 /* LoadableViewController.swift */; };
		BDE9AEFE2AC331AE00EBD442 /* PostTableViewCell.swift in Sources */ = {isa = PBXBuildFile; fileRef = BDE9AEFC2AC331AE00EBD442 /* PostTableViewCell.swift */; };
		BDE9AEFF2AC331AE00EBD442 /* PostTableViewCell.xib in Resources */ = {isa = PBXBuildFile; fileRef = BDE9AEFD2AC331AE00EBD442 /* PostTableViewCell.xib */; };
/* End PBXBuildFile section */

/* Begin PBXFileReference section */
		BD6004322AC32F00008011D1 /* Networking_Homework.app */ = {isa = PBXFileReference; explicitFileType = wrapper.application; includeInIndex = 0; path = Networking_Homework.app; sourceTree = BUILT_PRODUCTS_DIR; };
		BD6004352AC32F00008011D1 /* AppDelegate.swift */ = {isa = PBXFileReference; lastKnownFileType = sourcecode.swift; path = AppDelegate.swift; sourceTree = "<group>"; };
		BD6004372AC32F00008011D1 /* SceneDelegate.swift */ = {isa = PBXFileReference; lastKnownFileType = sourcecode.swift; path = SceneDelegate.swift; sourceTree = "<group>"; };
		BD6004392AC32F00008011D1 /* ViewController.swift */ = {isa = PBXFileReference; lastKnownFileType = sourcecode.swift; path = ViewController.swift; sourceTree = "<group>"; };
		BD60043C2AC32F00008011D1 /* Base */ = {isa = PBXFileReference; lastKnownFileType = file.storyboard; name = Base; path = Base.lproj/Main.storyboard; sourceTree = "<group>"; };
		BD60043E2AC32F14008011D1 /* Assets.xcassets */ = {isa = PBXFileReference; lastKnownFileType = folder.assetcatalog; path = Assets.xcassets; sourceTree = "<group>"; };
		BD6004412AC32F14008011D1 /* Base */ = {isa = PBXFileReference; lastKnownFileType = file.storyboard; name = Base; path = Base.lproj/LaunchScreen.storyboard; sourceTree = "<group>"; };
		BD6004432AC32F14008011D1 /* Info.plist */ = {isa = PBXFileReference; lastKnownFileType = text.plist.xml; path = Info.plist; sourceTree = "<group>"; };
		BD60044C2AC32F72008011D1 /* Networking.swift */ = {isa = PBXFileReference; lastKnownFileType = sourcecode.swift; path = Networking.swift; sourceTree = "<group>"; };
		BD60044F2AC330F9008011D1 /* PostsData.swift */ = {isa = PBXFileReference; lastKnownFileType = sourcecode.swift; path = PostsData.swift; sourceTree = "<group>"; };
		BDB249F32AC9D37B004E24F0 /* EndPoints.swift */ = {isa = PBXFileReference; lastKnownFileType = sourcecode.swift; path = EndPoints.swift; sourceTree = "<group>"; };
		BDB249F52AC9D3FF004E24F0 /* LoadableViewController.swift */ = {isa = PBXFileReference; lastKnownFileType = sourcecode.swift; path = LoadableViewController.swift; sourceTree = "<group>"; };
		BDE9AEFC2AC331AE00EBD442 /* PostTableViewCell.swift */ = {isa = PBXFileReference; lastKnownFileType = sourcecode.swift; path = PostTableViewCell.swift; sourceTree = "<group>"; };
		BDE9AEFD2AC331AE00EBD442 /* PostTableViewCell.xib */ = {isa = PBXFileReference; lastKnownFileType = file.xib; path = PostTableViewCell.xib; sourceTree = "<group>"; };
/* End PBXFileReference section */

/* Begin PBXFrameworksBuildPhase section */
		BD60042F2AC32F00008011D1 /* Frameworks */ = {
			isa = PBXFrameworksBuildPhase;
			buildActionMask = 2147483647;
			files = (
			);
			runOnlyForDeploymentPostprocessing = 0;
		};
/* End PBXFrameworksBuildPhase section */

/* Begin PBXGroup section */
		BD6004292AC32F00008011D1 = {
			isa = PBXGroup;
			children = (
				BD6004342AC32F00008011D1 /* Networking_Homework */,
				BD6004332AC32F00008011D1 /* Products */,
			);
			sourceTree = "<group>";
		};
		BD6004332AC32F00008011D1 /* Products */ = {
			isa = PBXGroup;
			children = (
				BD6004322AC32F00008011D1 /* Networking_Homework.app */,
			);
			name = Products;
			sourceTree = "<group>";
		};
		BD6004342AC32F00008011D1 /* Networking_Homework */ = {
			isa = PBXGroup;
			children = (
				BD60044A2AC32F51008011D1 /* Delegates */,
				BD60044E2AC330DE008011D1 /* Data */,
				BD60044B2AC32F5F008011D1 /* Networking */,
				BDE9AEFB2AC3317C00EBD442 /* Views */,
				BD6004492AC32F47008011D1 /* Controllers */,
				BD60043E2AC32F14008011D1 /* Assets.xcassets */,
				BD6004402AC32F14008011D1 /* LaunchScreen.storyboard */,
				BD6004432AC32F14008011D1 /* Info.plist */,
				BDB249F52AC9D3FF004E24F0 /* LoadableViewController.swift */,
			);
			path = Networking_Homework;
			sourceTree = "<group>";
		};
		BD6004492AC32F47008011D1 /* Controllers */ = {
			isa = PBXGroup;
			children = (
				BDE9AF052AC33B5900EBD442 /* Main */,
			);
			path = Controllers;
			sourceTree = "<group>";
		};
		BD60044A2AC32F51008011D1 /* Delegates */ = {
			isa = PBXGroup;
			children = (
				BD6004352AC32F00008011D1 /* AppDelegate.swift */,
				BD6004372AC32F00008011D1 /* SceneDelegate.swift */,
			);
			path = Delegates;
			sourceTree = "<group>";
		};
		BD60044B2AC32F5F008011D1 /* Networking */ = {
			isa = PBXGroup;
			children = (
				BD60044C2AC32F72008011D1 /* Networking.swift */,
				BDB249F32AC9D37B004E24F0 /* EndPoints.swift */,
			);
			path = Networking;
			sourceTree = "<group>";
		};
		BD60044E2AC330DE008011D1 /* Data */ = {
			isa = PBXGroup;
			children = (
				BD60044F2AC330F9008011D1 /* PostsData.swift */,
			);
			path = Data;
			sourceTree = "<group>";
		};
		BDE9AEFB2AC3317C00EBD442 /* Views */ = {
			isa = PBXGroup;
			children = (
				BDE9AEFC2AC331AE00EBD442 /* PostTableViewCell.swift */,
				BDE9AEFD2AC331AE00EBD442 /* PostTableViewCell.xib */,
			);
			path = Views;
			sourceTree = "<group>";
		};
		BDE9AF052AC33B5900EBD442 /* Main */ = {
			isa = PBXGroup;
			children = (
				BD6004392AC32F00008011D1 /* ViewController.swift */,
				BD60043B2AC32F00008011D1 /* Main.storyboard */,
			);
			path = Main;
			sourceTree = "<group>";
		};
/* End PBXGroup section */

/* Begin PBXNativeTarget section */
		BD6004312AC32F00008011D1 /* Networking_Homework */ = {
			isa = PBXNativeTarget;
			buildConfigurationList = BD6004462AC32F14008011D1 /* Build configuration list for PBXNativeTarget "Networking_Homework" */;
			buildPhases = (
				BD60042E2AC32F00008011D1 /* Sources */,
				BD60042F2AC32F00008011D1 /* Frameworks */,
				BD6004302AC32F00008011D1 /* Resources */,
			);
			buildRules = (
			);
			dependencies = (
			);
			name = Networking_Homework;
			productName = Networking_Homework;
			productReference = BD6004322AC32F00008011D1 /* Networking_Homework.app */;
			productType = "com.apple.product-type.application";
		};
/* End PBXNativeTarget section */

/* Begin PBXProject section */
		BD60042A2AC32F00008011D1 /* Project object */ = {
			isa = PBXProject;
			attributes = {
				BuildIndependentTargetsInParallel = 1;
				LastSwiftUpdateCheck = 1500;
				LastUpgradeCheck = 1500;
				TargetAttributes = {
					BD6004312AC32F00008011D1 = {
						CreatedOnToolsVersion = 15.0;
					};
				};
			};
			buildConfigurationList = BD60042D2AC32F00008011D1 /* Build configuration list for PBXProject "Networking_Homework" */;
			compatibilityVersion = "Xcode 14.0";
			developmentRegion = en;
			hasScannedForEncodings = 0;
			knownRegions = (
				en,
				Base,
			);
			mainGroup = BD6004292AC32F00008011D1;
			productRefGroup = BD6004332AC32F00008011D1 /* Products */;
			projectDirPath = "";
			projectRoot = "";
			targets = (
				BD6004312AC32F00008011D1 /* Networking_Homework */,
			);
		};
/* End PBXProject section */

/* Begin PBXResourcesBuildPhase section */
		BD6004302AC32F00008011D1 /* Resources */ = {
			isa = PBXResourcesBuildPhase;
			buildActionMask = 2147483647;
			files = (
				BD6004422AC32F14008011D1 /* LaunchScreen.storyboard in Resources */,
				BD60043F2AC32F14008011D1 /* Assets.xcassets in Resources */,
				BD60043D2AC32F00008011D1 /* Main.storyboard in Resources */,
				BDE9AEFF2AC331AE00EBD442 /* PostTableViewCell.xib in Resources */,
			);
			runOnlyForDeploymentPostprocessing = 0;
		};
/* End PBXResourcesBuildPhase section */

/* Begin PBXSourcesBuildPhase section */
		BD60042E2AC32F00008011D1 /* Sources */ = {
			isa = PBXSourcesBuildPhase;
			buildActionMask = 2147483647;
			files = (
				BD6004502AC330F9008011D1 /* PostsData.swift in Sources */,
				BD60043A2AC32F00008011D1 /* ViewController.swift in Sources */,
				BD6004362AC32F00008011D1 /* AppDelegate.swift in Sources */,
				BD6004382AC32F00008011D1 /* SceneDelegate.swift in Sources */,
				BD60044D2AC32F72008011D1 /* Networking.swift in Sources */,
				BDB249F42AC9D37B004E24F0 /* EndPoints.swift in Sources */,
				BDE9AEFE2AC331AE00EBD442 /* PostTableViewCell.swift in Sources */,
				BDB249F62AC9D3FF004E24F0 /* LoadableViewController.swift in Sources */,
			);
			runOnlyForDeploymentPostprocessing = 0;
		};
/* End PBXSourcesBuildPhase section */

/* Begin PBXVariantGroup section */
		BD60043B2AC32F00008011D1 /* Main.storyboard */ = {
			isa = PBXVariantGroup;
			children = (
				BD60043C2AC32F00008011D1 /* Base */,
			);
			name = Main.storyboard;
			sourceTree = "<group>";
		};
		BD6004402AC32F14008011D1 /* LaunchScreen.storyboard */ = {
			isa = PBXVariantGroup;
			children = (
				BD6004412AC32F14008011D1 /* Base */,
			);
			name = LaunchScreen.storyboard;
			sourceTree = "<group>";
		};
/* End PBXVariantGroup section */

/* Begin XCBuildConfiguration section */
		BD6004442AC32F14008011D1 /* Debug */ = {
			isa = XCBuildConfiguration;
			buildSettings = {
				ALWAYS_SEARCH_USER_PATHS = NO;
				ASSETCATALOG_COMPILER_GENERATE_SWIFT_ASSET_SYMBOL_EXTENSIONS = YES;
				CLANG_ANALYZER_NONNULL = YES;
				CLANG_ANALYZER_NUMBER_OBJECT_CONVERSION = YES_AGGRESSIVE;
				CLANG_CXX_LANGUAGE_STANDARD = "gnu++20";
				CLANG_ENABLE_MODULES = YES;
				CLANG_ENABLE_OBJC_ARC = YES;
				CLANG_ENABLE_OBJC_WEAK = YES;
				CLANG_WARN_BLOCK_CAPTURE_AUTORELEASING = YES;
				CLANG_WARN_BOOL_CONVERSION = YES;
				CLANG_WARN_COMMA = YES;
				CLANG_WARN_CONSTANT_CONVERSION = YES;
				CLANG_WARN_DEPRECATED_OBJC_IMPLEMENTATIONS = YES;
				CLANG_WARN_DIRECT_OBJC_ISA_USAGE = YES_ERROR;
				CLANG_WARN_DOCUMENTATION_COMMENTS = YES;
				CLANG_WARN_EMPTY_BODY = YES;
				CLANG_WARN_ENUM_CONVERSION = YES;
				CLANG_WARN_INFINITE_RECURSION = YES;
				CLANG_WARN_INT_CONVERSION = YES;
				CLANG_WARN_NON_LITERAL_NULL_CONVERSION = YES;
				CLANG_WARN_OBJC_IMPLICIT_RETAIN_SELF = YES;
				CLANG_WARN_OBJC_LITERAL_CONVERSION = YES;
				CLANG_WARN_OBJC_ROOT_CLASS = YES_ERROR;
				CLANG_WARN_QUOTED_INCLUDE_IN_FRAMEWORK_HEADER = YES;
				CLANG_WARN_RANGE_LOOP_ANALYSIS = YES;
				CLANG_WARN_STRICT_PROTOTYPES = YES;
				CLANG_WARN_SUSPICIOUS_MOVE = YES;
				CLANG_WARN_UNGUARDED_AVAILABILITY = YES_AGGRESSIVE;
				CLANG_WARN_UNREACHABLE_CODE = YES;
				CLANG_WARN__DUPLICATE_METHOD_MATCH = YES;
				COPY_PHASE_STRIP = NO;
				DEBUG_INFORMATION_FORMAT = dwarf;
				ENABLE_STRICT_OBJC_MSGSEND = YES;
				ENABLE_TESTABILITY = YES;
				ENABLE_USER_SCRIPT_SANDBOXING = YES;
				GCC_C_LANGUAGE_STANDARD = gnu17;
				GCC_DYNAMIC_NO_PIC = NO;
				GCC_NO_COMMON_BLOCKS = YES;
				GCC_OPTIMIZATION_LEVEL = 0;
				GCC_PREPROCESSOR_DEFINITIONS = (
					"DEBUG=1",
					"$(inherited)",
				);
				GCC_WARN_64_TO_32_BIT_CONVERSION = YES;
				GCC_WARN_ABOUT_RETURN_TYPE = YES_ERROR;
				GCC_WARN_UNDECLARED_SELECTOR = YES;
				GCC_WARN_UNINITIALIZED_AUTOS = YES_AGGRESSIVE;
				GCC_WARN_UNUSED_FUNCTION = YES;
				GCC_WARN_UNUSED_VARIABLE = YES;
				IPHONEOS_DEPLOYMENT_TARGET = 17.0;
				LOCALIZATION_PREFERS_STRING_CATALOGS = YES;
				MTL_ENABLE_DEBUG_INFO = INCLUDE_SOURCE;
				MTL_FAST_MATH = YES;
				ONLY_ACTIVE_ARCH = YES;
				SDKROOT = iphoneos;
				SWIFT_ACTIVE_COMPILATION_CONDITIONS = "DEBUG $(inherited)";
				SWIFT_OPTIMIZATION_LEVEL = "-Onone";
			};
			name = Debug;
		};
		BD6004452AC32F14008011D1 /* Release */ = {
			isa = XCBuildConfiguration;
			buildSettings = {
				ALWAYS_SEARCH_USER_PATHS = NO;
				ASSETCATALOG_COMPILER_GENERATE_SWIFT_ASSET_SYMBOL_EXTENSIONS = YES;
				CLANG_ANALYZER_NONNULL = YES;
				CLANG_ANALYZER_NUMBER_OBJECT_CONVERSION = YES_AGGRESSIVE;
				CLANG_CXX_LANGUAGE_STANDARD = "gnu++20";
				CLANG_ENABLE_MODULES = YES;
				CLANG_ENABLE_OBJC_ARC = YES;
				CLANG_ENABLE_OBJC_WEAK = YES;
				CLANG_WARN_BLOCK_CAPTURE_AUTORELEASING = YES;
				CLANG_WARN_BOOL_CONVERSION = YES;
				CLANG_WARN_COMMA = YES;
				CLANG_WARN_CONSTANT_CONVERSION = YES;
				CLANG_WARN_DEPRECATED_OBJC_IMPLEMENTATIONS = YES;
				CLANG_WARN_DIRECT_OBJC_ISA_USAGE = YES_ERROR;
				CLANG_WARN_DOCUMENTATION_COMMENTS = YES;
				CLANG_WARN_EMPTY_BODY = YES;
				CLANG_WARN_ENUM_CONVERSION = YES;
				CLANG_WARN_INFINITE_RECURSION = YES;
				CLANG_WARN_INT_CONVERSION = YES;
				CLANG_WARN_NON_LITERAL_NULL_CONVERSION = YES;
				CLANG_WARN_OBJC_IMPLICIT_RETAIN_SELF = YES;
				CLANG_WARN_OBJC_LITERAL_CONVERSION = YES;
				CLANG_WARN_OBJC_ROOT_CLASS = YES_ERROR;
				CLANG_WARN_QUOTED_INCLUDE_IN_FRAMEWORK_HEADER = YES;
				CLANG_WARN_RANGE_LOOP_ANALYSIS = YES;
				CLANG_WARN_STRICT_PROTOTYPES = YES;
				CLANG_WARN_SUSPICIOUS_MOVE = YES;
				CLANG_WARN_UNGUARDED_AVAILABILITY = YES_AGGRESSIVE;
				CLANG_WARN_UNREACHABLE_CODE = YES;
				CLANG_WARN__DUPLICATE_METHOD_MATCH = YES;
				COPY_PHASE_STRIP = NO;
				DEBUG_INFORMATION_FORMAT = "dwarf-with-dsym";
				ENABLE_NS_ASSERTIONS = NO;
				ENABLE_STRICT_OBJC_MSGSEND = YES;
				ENABLE_USER_SCRIPT_SANDBOXING = YES;
				GCC_C_LANGUAGE_STANDARD = gnu17;
				GCC_NO_COMMON_BLOCKS = YES;
				GCC_WARN_64_TO_32_BIT_CONVERSION = YES;
				GCC_WARN_ABOUT_RETURN_TYPE = YES_ERROR;
				GCC_WARN_UNDECLARED_SELECTOR = YES;
				GCC_WARN_UNINITIALIZED_AUTOS = YES_AGGRESSIVE;
				GCC_WARN_UNUSED_FUNCTION = YES;
				GCC_WARN_UNUSED_VARIABLE = YES;
				IPHONEOS_DEPLOYMENT_TARGET = 17.0;
				LOCALIZATION_PREFERS_STRING_CATALOGS = YES;
				MTL_ENABLE_DEBUG_INFO = NO;
				MTL_FAST_MATH = YES;
				SDKROOT = iphoneos;
				SWIFT_COMPILATION_MODE = wholemodule;
				VALIDATE_PRODUCT = YES;
			};
			name = Release;
		};
		BD6004472AC32F14008011D1 /* Debug */ = {
			isa = XCBuildConfiguration;
			buildSettings = {
				ASSETCATALOG_COMPILER_APPICON_NAME = AppIcon;
				ASSETCATALOG_COMPILER_GLOBAL_ACCENT_COLOR_NAME = AccentColor;
				CODE_SIGN_STYLE = Automatic;
				CURRENT_PROJECT_VERSION = 1;
				DEVELOPMENT_TEAM = B2ZF7338R8;
				GENERATE_INFOPLIST_FILE = YES;
				INFOPLIST_FILE = Networking_Homework/Info.plist;
				INFOPLIST_KEY_UIApplicationSupportsIndirectInputEvents = YES;
				INFOPLIST_KEY_UILaunchStoryboardName = LaunchScreen;
				INFOPLIST_KEY_UIMainStoryboardFile = Main;
				INFOPLIST_KEY_UISupportedInterfaceOrientations_iPad = "UIInterfaceOrientationPortrait UIInterfaceOrientationPortraitUpsideDown UIInterfaceOrientationLandscapeLeft UIInterfaceOrientationLandscapeRight";
				INFOPLIST_KEY_UISupportedInterfaceOrientations_iPhone = "UIInterfaceOrientationPortrait UIInterfaceOrientationLandscapeLeft UIInterfaceOrientationLandscapeRight";
				LD_RUNPATH_SEARCH_PATHS = (
					"$(inherited)",
					"@executable_path/Frameworks",
				);
				MARKETING_VERSION = 1.0;
				PRODUCT_BUNDLE_IDENTIFIER = "com.rimvydas.petniunas.Networking-Homework";
				PRODUCT_NAME = "$(TARGET_NAME)";
				SWIFT_EMIT_LOC_STRINGS = YES;
				SWIFT_VERSION = 5.0;
				TARGETED_DEVICE_FAMILY = "1,2";
			};
			name = Debug;
		};
		BD6004482AC32F14008011D1 /* Release */ = {
			isa = XCBuildConfiguration;
			buildSettings = {
				ASSETCATALOG_COMPILER_APPICON_NAME = AppIcon;
				ASSETCATALOG_COMPILER_GLOBAL_ACCENT_COLOR_NAME = AccentColor;
				CODE_SIGN_STYLE = Automatic;
				CURRENT_PROJECT_VERSION = 1;
				DEVELOPMENT_TEAM = B2ZF7338R8;
				GENERATE_INFOPLIST_FILE = YES;
				INFOPLIST_FILE = Networking_Homework/Info.plist;
				INFOPLIST_KEY_UIApplicationSupportsIndirectInputEvents = YES;
				INFOPLIST_KEY_UILaunchStoryboardName = LaunchScreen;
				INFOPLIST_KEY_UIMainStoryboardFile = Main;
				INFOPLIST_KEY_UISupportedInterfaceOrientations_iPad = "UIInterfaceOrientationPortrait UIInterfaceOrientationPortraitUpsideDown UIInterfaceOrientationLandscapeLeft UIInterfaceOrientationLandscapeRight";
				INFOPLIST_KEY_UISupportedInterfaceOrientations_iPhone = "UIInterfaceOrientationPortrait UIInterfaceOrientationLandscapeLeft UIInterfaceOrientationLandscapeRight";
				LD_RUNPATH_SEARCH_PATHS = (
					"$(inherited)",
					"@executable_path/Frameworks",
				);
				MARKETING_VERSION = 1.0;
				PRODUCT_BUNDLE_IDENTIFIER = "com.rimvydas.petniunas.Networking-Homework";
				PRODUCT_NAME = "$(TARGET_NAME)";
				SWIFT_EMIT_LOC_STRINGS = YES;
				SWIFT_VERSION = 5.0;
				TARGETED_DEVICE_FAMILY = "1,2";
			};
			name = Release;
		};
/* End XCBuildConfiguration section */

/* Begin XCConfigurationList section */
		BD60042D2AC32F00008011D1 /* Build configuration list for PBXProject "Networking_Homework" */ = {
			isa = XCConfigurationList;
			buildConfigurations = (
				BD6004442AC32F14008011D1 /* Debug */,
				BD6004452AC32F14008011D1 /* Release */,
			);
			defaultConfigurationIsVisible = 0;
			defaultConfigurationName = Release;
		};
		BD6004462AC32F14008011D1 /* Build configuration list for PBXNativeTarget "Networking_Homework" */ = {
			isa = XCConfigurationList;
			buildConfigurations = (
				BD6004472AC32F14008011D1 /* Debug */,
				BD6004482AC32F14008011D1 /* Release */,
			);
			defaultConfigurationIsVisible = 0;
			defaultConfigurationName = Release;
		};
/* End XCConfigurationList section */
	};
	rootObject = BD60042A2AC32F00008011D1 /* Project object */;
}
